
Microsoft Visual Studio Solution File, Format Version 12.00
# Visual Studio Version 17
VisualStudioVersion = 17.10.35013.160
MinimumVisualStudioVersion = 10.0.40219.1
Project("{9A19103F-16F7-4668-BE54-9A1E7A4F7556}") = "BookStoreApp.API", "BookStoreApp.API\BookStoreApp.API.csproj", "{F56F0371-D679-44D5-A01A-DD29B618318F}"
EndProject
Project("{9A19103F-16F7-4668-BE54-9A1E7A4F7556}") = "BookStoreApp.Blazor.Server.UI", "BookStoreApp.Blazor.Server.UI\BookStoreApp.Blazor.Server.UI.csproj", "{57FC6C4B-4833-421D-8CC1-225F86EA96BE}"
EndProject
Project("{FAE04EC0-301F-11D3-BF4B-00C04F79EFBC}") = "BookStoreApp.Blazor.WebAssembly.UI", "BookStoreApp.Blazor.WebAssembly.UI\BookStoreApp.Blazor.WebAssembly.UI.csproj", "{1044A8D7-54D3-4091-816B-37906B782B44}"
EndProject
Global
	GlobalSection(SolutionConfigurationPlatforms) = preSolution
		Debug|Any CPU = Debug|Any CPU
		Release|Any CPU = Release|Any CPU
	EndGlobalSection
	GlobalSection(ProjectConfigurationPlatforms) = postSolution
		{F56F0371-D679-44D5-A01A-DD29B618318F}.Debug|Any CPU.ActiveCfg = Debug|Any CPU
		{F56F0371-D679-44D5-A01A-DD29B618318F}.Debug|Any CPU.Build.0 = Debug|Any CPU
		{F56F0371-D679-44D5-A01A-DD29B618318F}.Release|Any CPU.ActiveCfg = Release|Any CPU
		{F56F0371-D679-44D5-A01A-DD29B618318F}.Release|Any CPU.Build.0 = Release|Any CPU
		{57FC6C4B-4833-421D-8CC1-225F86EA96BE}.Debug|Any CPU.ActiveCfg = Debug|Any CPU
		{57FC6C4B-4833-421D-8CC1-225F86EA96BE}.Debug|Any CPU.Build.0 = Debug|Any CPU
		{57FC6C4B-4833-421D-8CC1-225F86EA96BE}.Release|Any CPU.ActiveCfg = Release|Any CPU
		{57FC6C4B-4833-421D-8CC1-225F86EA96BE}.Release|Any CPU.Build.0 = Release|Any CPU
		{1044A8D7-54D3-4091-816B-37906B782B44}.Debug|Any CPU.ActiveCfg = Debug|Any CPU
		{1044A8D7-54D3-4091-816B-37906B782B44}.Debug|Any CPU.Build.0 = Debug|Any CPU
		{1044A8D7-54D3-4091-816B-37906B782B44}.Release|Any CPU.ActiveCfg = Release|Any CPU
		{1044A8D7-54D3-4091-816B-37906B782B44}.Release|Any CPU.Build.0 = Release|Any CPU
	EndGlobalSection
	GlobalSection(SolutionProperties) = preSolution
		HideSolutionNode = FALSE
	EndGlobalSection
	GlobalSection(ExtensibilityGlobals) = postSolution
		SolutionGuid = {4B0B38F0-EC15-4EE2-9DA7-797BC6155C57}
	EndGlobalSection
EndGlobal
